
Microsoft Visual Studio Solution File, Format Version 12.00
# Visual Studio Version 17
VisualStudioVersion = 17.8.34511.84
MinimumVisualStudioVersion = 10.0.40219.1
Project("{9A19103F-16F7-4668-BE54-9A1E7A4F7556}") = "DotNet8BlazorWebAssembly", "DotNet8BlazorWebAssembly\DotNet8BlazorWebAssembly\DotNet8BlazorWebAssembly.csproj", "{41F4CEE2-6133-49DA-ABE6-510E0BBF8587}"
EndProject
Project("{9A19103F-16F7-4668-BE54-9A1E7A4F7556}") = "DotNet8BlazorWebAssembly.Client", "DotNet8BlazorWebAssembly\DotNet8BlazorWebAssembly.Client\DotNet8BlazorWebAssembly.Client.csproj", "{2AA412C8-79E6-4126-B430-43F157DD1182}"
EndProject
Project("{9A19103F-16F7-4668-BE54-9A1E7A4F7556}") = "BlazorWasmDotNetShared", "BlazorWasmDotNetShared\BlazorWasmDotNetShared.csproj", "{364239F3-9959-4827-94EF-CB3585616BE4}"
EndProject
Global
	GlobalSection(SolutionConfigurationPlatforms) = preSolution
		Debug|Any CPU = Debug|Any CPU
		Release|Any CPU = Release|Any CPU
	EndGlobalSection
	GlobalSection(ProjectConfigurationPlatforms) = postSolution
		{41F4CEE2-6133-49DA-ABE6-510E0BBF8587}.Debug|Any CPU.ActiveCfg = Debug|Any CPU
		{41F4CEE2-6133-49DA-ABE6-510E0BBF8587}.Debug|Any CPU.Build.0 = Debug|Any CPU
		{41F4CEE2-6133-49DA-ABE6-510E0BBF8587}.Release|Any CPU.ActiveCfg = Release|Any CPU
		{41F4CEE2-6133-49DA-ABE6-510E0BBF8587}.Release|Any CPU.Build.0 = Release|Any CPU
		{2AA412C8-79E6-4126-B430-43F157DD1182}.Debug|Any CPU.ActiveCfg = Debug|Any CPU
		{2AA412C8-79E6-4126-B430-43F157DD1182}.Debug|Any CPU.Build.0 = Debug|Any CPU
		{2AA412C8-79E6-4126-B430-43F157DD1182}.Release|Any CPU.ActiveCfg = Release|Any CPU
		{2AA412C8-79E6-4126-B430-43F157DD1182}.Release|Any CPU.Build.0 = Release|Any CPU
		{364239F3-9959-4827-94EF-CB3585616BE4}.Debug|Any CPU.ActiveCfg = Debug|Any CPU
		{364239F3-9959-4827-94EF-CB3585616BE4}.Debug|Any CPU.Build.0 = Debug|Any CPU
		{364239F3-9959-4827-94EF-CB3585616BE4}.Release|Any CPU.ActiveCfg = Release|Any CPU
		{364239F3-9959-4827-94EF-CB3585616BE4}.Release|Any CPU.Build.0 = Release|Any CPU
	EndGlobalSection
	GlobalSection(SolutionProperties) = preSolution
		HideSolutionNode = FALSE
	EndGlobalSection
	GlobalSection(ExtensibilityGlobals) = postSolution
		SolutionGuid = {DE8AB468-1B5C-4BA4-9DD6-BFFF292BE3C0}
	EndGlobalSection
EndGlobal
